
Microsoft Visual Studio Solution File, Format Version 12.00
# Visual Studio Version 16
VisualStudioVersion = 25.0.1706.12
MinimumVisualStudioVersion = 10.0.40219.1
Project("{FAE04EC0-301F-11D3-BF4B-00C04F79EFBC}") = "ShippingBook", "ShippingBook\ShippingBook.csproj", "{88CD802B-E97E-4805-A398-3817EA48E011}"
EndProject
Project("{FAE04EC0-301F-11D3-BF4B-00C04F79EFBC}") = "ShippingBook.Services", "ShippingBook.Services\ShippingBook.Services.csproj", "{5BB434F4-B280-4293-8CDA-2712525A0E8A}"
EndProject
Project("{FAE04EC0-301F-11D3-BF4B-00C04F79EFBC}") = "ShippingBook.Core", "ShippingBook.Core\ShippingBook.Core.csproj", "{8FC8AD39-3548-414C-B4C8-1F19E765643C}"
EndProject
Global
	GlobalSection(SolutionConfigurationPlatforms) = preSolution
		Debug|Any CPU = Debug|Any CPU
		Release|Any CPU = Release|Any CPU
	EndGlobalSection
	GlobalSection(ProjectConfigurationPlatforms) = postSolution
		{88CD802B-E97E-4805-A398-3817EA48E011}.Debug|Any CPU.ActiveCfg = Debug|Any CPU
		{88CD802B-E97E-4805-A398-3817EA48E011}.Debug|Any CPU.Build.0 = Debug|Any CPU
		{88CD802B-E97E-4805-A398-3817EA48E011}.Release|Any CPU.ActiveCfg = Release|Any CPU
		{88CD802B-E97E-4805-A398-3817EA48E011}.Release|Any CPU.Build.0 = Release|Any CPU
		{5BB434F4-B280-4293-8CDA-2712525A0E8A}.Debug|Any CPU.ActiveCfg = Debug|Any CPU
		{5BB434F4-B280-4293-8CDA-2712525A0E8A}.Debug|Any CPU.Build.0 = Debug|Any CPU
		{5BB434F4-B280-4293-8CDA-2712525A0E8A}.Release|Any CPU.ActiveCfg = Release|Any CPU
		{5BB434F4-B280-4293-8CDA-2712525A0E8A}.Release|Any CPU.Build.0 = Release|Any CPU
		{8FC8AD39-3548-414C-B4C8-1F19E765643C}.Debug|Any CPU.ActiveCfg = Debug|Any CPU
		{8FC8AD39-3548-414C-B4C8-1F19E765643C}.Debug|Any CPU.Build.0 = Debug|Any CPU
		{8FC8AD39-3548-414C-B4C8-1F19E765643C}.Release|Any CPU.ActiveCfg = Release|Any CPU
		{8FC8AD39-3548-414C-B4C8-1F19E765643C}.Release|Any CPU.Build.0 = Release|Any CPU
	EndGlobalSection
	GlobalSection(SolutionProperties) = preSolution
		HideSolutionNode = FALSE
	EndGlobalSection
	GlobalSection(ExtensibilityGlobals) = postSolution
		SolutionGuid = {79D45714-E7C0-4B02-A2D0-2C38DB007E39}
	EndGlobalSection
EndGlobal
